// !$*UTF8*$!
{
	archiveVersion = 1;
	classes = {
	};
	objectVersion = 77;
	objects = {

/* Begin PBXBuildFile section */
		00DD420F479FE9D46F871469 /* ShippingHomeView.swift in Sources */ = {isa = PBXBuildFile; fileRef = 998160017C10910EC61C80A1 /* ShippingHomeView.swift */; };
		0526E4FF7E5DC878A9367F84 /* ReceivingView.swift in Sources */ = {isa = PBXBuildFile; fileRef = F41079A1C0A5A00229E859F7 /* ReceivingView.swift */; };
		0A003A8CA0C7A5B3967E586E /* ScannerPlaceholderView.swift in Sources */ = {isa = PBXBuildFile; fileRef = 86CDC4C1E70C8852D4C2171E /* ScannerPlaceholderView.swift */; };
		0B71977ACA8200BEC35C454D /* InventoryViewModel.swift in Sources */ = {isa = PBXBuildFile; fileRef = 99D635A37EFE7B7FEBDA838B /* InventoryViewModel.swift */; };
		14919ED96437C5C54D7155B5 /* APIModels.swift in Sources */ = {isa = PBXBuildFile; fileRef = 1AB45F357398409F852D0A63 /* APIModels.swift */; };
		1FC805905D4411F44BE8C4F7 /* SyncPreferencesStore.swift in Sources */ = {isa = PBXBuildFile; fileRef = CA75C5EC1E5EF2D4B3045CBC /* SyncPreferencesStore.swift */; };
		2255B9B737E4B13A198D0B47 /* MainTabView.swift in Sources */ = {isa = PBXBuildFile; fileRef = EAEEAA7D36A3B4923A45D2FB /* MainTabView.swift */; };
		242BBC24606D08440C837235 /* SettingsView.swift in Sources */ = {isa = PBXBuildFile; fileRef = 106CB13D9A54E191EE509B92 /* SettingsView.swift */; };
		2E7C3112E616383BCF384E64 /* DockWalkTheme.swift in Sources */ = {isa = PBXBuildFile; fileRef = 586D4D1AE3B59B6AB13CA45F /* DockWalkTheme.swift */; };
		306D712854E5D0902B6758C7 /* DockWalkFoundationTests.swift in Sources */ = {isa = PBXBuildFile; fileRef = 4B0C761EC07D529368685D10 /* DockWalkFoundationTests.swift */; };
		3549771E1A49D06324D560D4 /* ScanResult.swift in Sources */ = {isa = PBXBuildFile; fileRef = B064FBBBC798F261B1320467 /* ScanResult.swift */; };
		42F8C15BEA548A45A95AE82D /* SectionCard.swift in Sources */ = {isa = PBXBuildFile; fileRef = 9CFED203BDD4851E4D6C25BE /* SectionCard.swift */; };
		4A477263CAD9717F561A80CC /* InventoryModels.swift in Sources */ = {isa = PBXBuildFile; fileRef = D1D58A15DC729A16961EEABA /* InventoryModels.swift */; };
		4B925293F9E09D749FCDC3F8 /* AppointmentsViewModel.swift in Sources */ = {isa = PBXBuildFile; fileRef = 6F46A38157C5CA497E2122A5 /* AppointmentsViewModel.swift */; };
		4D925248B5861DE070F2F3D8 /* LoadStateView.swift in Sources */ = {isa = PBXBuildFile; fileRef = 6CE8CBC58F1CE03FB3DDDEFE /* LoadStateView.swift */; };
		4E47A863500A2982A263522E /* SyncStatus.swift in Sources */ = {isa = PBXBuildFile; fileRef = 954E5D3B5DFA985D13CB5C57 /* SyncStatus.swift */; };
		4E5288E0A5CD4D173EFC9F64 /* AppEnvironment.swift in Sources */ = {isa = PBXBuildFile; fileRef = 7A978CBA08DF8B85851D865B /* AppEnvironment.swift */; };
		52E5427771D1EC9359E42BB6 /* APIClient.swift in Sources */ = {isa = PBXBuildFile; fileRef = 4B782D5EF4D98C01F04189DE /* APIClient.swift */; };
		60E98D57E8259E48BD1E804E /* DeviceConfigurationStore.swift in Sources */ = {isa = PBXBuildFile; fileRef = 83F6D71C779925A575BDE126 /* DeviceConfigurationStore.swift */; };
		697307A48E8324B72E2795BD /* LoadPhase.swift in Sources */ = {isa = PBXBuildFile; fileRef = 06B44D071E70EE2F7E60C975 /* LoadPhase.swift */; };
		6E9432E5A56A2F4E15761641 /* ReceivingViewModel.swift in Sources */ = {isa = PBXBuildFile; fileRef = 9C6F14CED858882E5331EA31 /* ReceivingViewModel.swift */; };
		709FEFB4FB6C2EF3883EB2C0 /* OutboundViewModel.swift in Sources */ = {isa = PBXBuildFile; fileRef = C6BD6174FDF1330B85CFAE17 /* OutboundViewModel.swift */; };
		78CED7C1E16F0EBD98B9FD36 /* StatusChip.swift in Sources */ = {isa = PBXBuildFile; fileRef = 4FC6C7CCE993538213FF044D /* StatusChip.swift */; };
		7E84CBC872675F0D988454F0 /* AppointmentsView.swift in Sources */ = {isa = PBXBuildFile; fileRef = 65B0D6FC114C221591F6DE4F /* AppointmentsView.swift */; };
		7F69F3818A8B0E8E2D25417E /* Assets.xcassets in Resources */ = {isa = PBXBuildFile; fileRef = 02D72A64EC3A25E41E5A227A /* Assets.xcassets */; };
		8A85DB3459F11CF233BD6469 /* DeviceConfiguration.swift in Sources */ = {isa = PBXBuildFile; fileRef = 46EC1D45ABBB4B332FCB9EB9 /* DeviceConfiguration.swift */; };
		8D21C1DD6F0D54D4785BBC4D /* TasksHomeView.swift in Sources */ = {isa = PBXBuildFile; fileRef = 37F688F50AFDC4D186CCBBBF /* TasksHomeView.swift */; };
		95B31D3181C512C6B5F6BE53 /* APIEndpoint.swift in Sources */ = {isa = PBXBuildFile; fileRef = CE3C78FB5F7638E84C64F36F /* APIEndpoint.swift */; };
		991EEA386E0A466F0F41EF5B /* InventoryHomeView.swift in Sources */ = {isa = PBXBuildFile; fileRef = 45E08A4D5BF891D9ECAF945C /* InventoryHomeView.swift */; };
		A199E254249F362F47C3F03D /* InboundLineRowView.swift in Sources */ = {isa = PBXBuildFile; fileRef = 76E23B57D58AD0E4F88B0A59 /* InboundLineRowView.swift */; };
		A34B01C7107D6BB29EE18384 /* PrimaryActionButton.swift in Sources */ = {isa = PBXBuildFile; fileRef = F880B64A0FC1079D74ED7640 /* PrimaryActionButton.swift */; };
		A3D17E896A53ADBD7A6546DE /* ReceivingEventReplayEngine.swift in Sources */ = {isa = PBXBuildFile; fileRef = 3AB148742D39441AF123D35B /* ReceivingEventReplayEngine.swift */; };
		A9C31FFD638244A10731BF1C /* ReceivingEventReplayCoordinator.swift in Sources */ = {isa = PBXBuildFile; fileRef = 32AE8B706344E937315DEE42 /* ReceivingEventReplayCoordinator.swift */; };
		B62BB5725DA386A949C19199 /* TodayView.swift in Sources */ = {isa = PBXBuildFile; fileRef = B04A2CB30C4175FB8AE21139 /* TodayView.swift */; };
		BA3E8D0133EAE183E91B72D5 /* ShipmentDetailViewModel.swift in Sources */ = {isa = PBXBuildFile; fileRef = BFCC73E56CB9BCDFAEBF5481 /* ShipmentDetailViewModel.swift */; };
		BF7190C317CF39D0CD34903C /* OfflineSyncStore.swift in Sources */ = {isa = PBXBuildFile; fileRef = 0BAACA53AE5FDD000E2D76E7 /* OfflineSyncStore.swift */; };
		C002F18121A3EEA09B9F8073 /* InboundModels.swift in Sources */ = {isa = PBXBuildFile; fileRef = D512E2135DA76E6D631C2188 /* InboundModels.swift */; };
		C31E417E8A047DA319AF5D80 /* FeatureFlags.swift in Sources */ = {isa = PBXBuildFile; fileRef = 7D5C08D0A23B801E54197778 /* FeatureFlags.swift */; };
		C5CCD0539FD94B87C2C9F348 /* APIConnectionSettingsView.swift in Sources */ = {isa = PBXBuildFile; fileRef = 26143E5AAC25ACAFE2804EA3 /* APIConnectionSettingsView.swift */; };
		C73EB6FDC22D1BE25BEC5777 /* DockWalkModels.swift in Sources */ = {isa = PBXBuildFile; fileRef = 1033B2B383D9561E19655FFC /* DockWalkModels.swift */; };
		CDF0B471D12A93C26BF7EAC2 /* ExceptionsHomeView.swift in Sources */ = {isa = PBXBuildFile; fileRef = F39C4B1F3E1EE296F8007931 /* ExceptionsHomeView.swift */; };
		D571070FE57A1BD038E38654 /* InspectionStubView.swift in Sources */ = {isa = PBXBuildFile; fileRef = EF38FA4B54C294D6EA9BC63A /* InspectionStubView.swift */; };
		D934FFE3AD479D5B5E34BA71 /* DockWalkApp.swift in Sources */ = {isa = PBXBuildFile; fileRef = 8F9825520847293A864FC4C9 /* DockWalkApp.swift */; };
		DC03A918904EB4E7B75C35C0 /* AuditEventModels.swift in Sources */ = {isa = PBXBuildFile; fileRef = EA7D11F1805588CFF8E1CA17 /* AuditEventModels.swift */; };
		E6D5FDD597F05971983C4AD7 /* OutboundModels.swift in Sources */ = {isa = PBXBuildFile; fileRef = 05FCB45AEF9A88F60EB5DE2F /* OutboundModels.swift */; };
		EFED66CFBE326B8E88B0E101 /* ReceivingEventModels.swift in Sources */ = {isa = PBXBuildFile; fileRef = 281BEBC8BDB0B78462A285DD /* ReceivingEventModels.swift */; };
		F10B4730F25A2DBECFBF5D42 /* ShipmentDetailView.swift in Sources */ = {isa = PBXBuildFile; fileRef = 708BF8E60C9C166452BCDFA8 /* ShipmentDetailView.swift */; };
		F19B91C3117CB3390E9977C2 /* ActivityView.swift in Sources */ = {isa = PBXBuildFile; fileRef = ACC3427C53C00D23834F49FC /* ActivityView.swift */; };
		F42AFB2BE3B91E906EC41DE8 /* DebugPanelView.swift in Sources */ = {isa = PBXBuildFile; fileRef = B6E8477044F5641368A3205B /* DebugPanelView.swift */; };
		F7FF419EDF801A2359EC9609 /* ActivityViewModel.swift in Sources */ = {isa = PBXBuildFile; fileRef = 1C1522D112D64554E55E59EC /* ActivityViewModel.swift */; };
		FC946718B654F08B7A27D996 /* InboundAPIMapping.swift in Sources */ = {isa = PBXBuildFile; fileRef = 47DF4322C998E2DDA15FF177 /* InboundAPIMapping.swift */; };
		FD555837136CD26F6C70AF81 /* SyncQueuePersistence.swift in Sources */ = {isa = PBXBuildFile; fileRef = F74EDB16DA0846024C4930E5 /* SyncQueuePersistence.swift */; };

		6B2F3C4D5E6F7081920A3B4C /* SyncBatchModels.swift in Sources */ = {isa = PBXBuildFile; fileRef = 5A1E2F3B4C5D6E7F8091A2B3 /* SyncBatchModels.swift */; };
		8D4E5F6071829304A5B6C7D8 /* WarehouseTaskModels.swift in Sources */ = {isa = PBXBuildFile; fileRef = 7C3D4E5F6071829304A5B6C7 /* WarehouseTaskModels.swift */; };
		AF6071829304A5B6C7D8E9F0 /* SyncBatchReplayEngine.swift in Sources */ = {isa = PBXBuildFile; fileRef = 9E5F6071829304A5B6C7D8E9 /* SyncBatchReplayEngine.swift */; };
		C1829304A5B6C7D8E9F00112 /* PutawayTasksViewModel.swift in Sources */ = {isa = PBXBuildFile; fileRef = B071829304A5B6C7D8E9F001 /* PutawayTasksViewModel.swift */; };
		D29304A5B6C7D8E9F0011223 /* PutawayTasksView.swift in Sources */ = {isa = PBXBuildFile; fileRef = C1829304A5B6C7D8E9F00111 /* PutawayTasksView.swift */; };
		E3A405B6C7D8E9F001122334 /* PutawayTaskDetailViewModel.swift in Sources */ = {isa = PBXBuildFile; fileRef = D29304A5B6C7D8E9F0011222 /* PutawayTaskDetailViewModel.swift */; };
/* End PBXBuildFile section */

/* Begin PBXContainerItemProxy section */
		9CCFD3BF11B5D3F371470BD3 /* PBXContainerItemProxy */ = {
			isa = PBXContainerItemProxy;
			containerPortal = 117FE8490C3309BCA1702B04 /* Project object */;
			proxyType = 1;
			remoteGlobalIDString = C8AC96B5D7FAE935532FDD29;
			remoteInfo = DockWalk;
		};
/* End PBXContainerItemProxy section */

/* Begin PBXFileReference section */
		02D72A64EC3A25E41E5A227A /* Assets.xcassets */ = {isa = PBXFileReference; lastKnownFileType = folder.assetcatalog; path = Assets.xcassets; sourceTree = "<group>"; };
		05FCB45AEF9A88F60EB5DE2F /* OutboundModels.swift */ = {isa = PBXFileReference; lastKnownFileType = sourcecode.swift; path = OutboundModels.swift; sourceTree = "<group>"; };
		06B44D071E70EE2F7E60C975 /* LoadPhase.swift */ = {isa = PBXFileReference; lastKnownFileType = sourcecode.swift; path = LoadPhase.swift; sourceTree = "<group>"; };
		081AE12F7D27CC5911984167 /* Info.plist */ = {isa = PBXFileReference; lastKnownFileType = text.plist; path = Info.plist; sourceTree = "<group>"; };
		0BAACA53AE5FDD000E2D76E7 /* OfflineSyncStore.swift */ = {isa = PBXFileReference; lastKnownFileType = sourcecode.swift; path = OfflineSyncStore.swift; sourceTree = "<group>"; };
		1033B2B383D9561E19655FFC /* DockWalkModels.swift */ = {isa = PBXFileReference; lastKnownFileType = sourcecode.swift; path = DockWalkModels.swift; sourceTree = "<group>"; };
		106CB13D9A54E191EE509B92 /* SettingsView.swift */ = {isa = PBXFileReference; lastKnownFileType = sourcecode.swift; path = SettingsView.swift; sourceTree = "<group>"; };
		1AB45F357398409F852D0A63 /* APIModels.swift */ = {isa = PBXFileReference; lastKnownFileType = sourcecode.swift; path = APIModels.swift; sourceTree = "<group>"; };
		1C1522D112D64554E55E59EC /* ActivityViewModel.swift */ = {isa = PBXFileReference; lastKnownFileType = sourcecode.swift; path = ActivityViewModel.swift; sourceTree = "<group>"; };
		26143E5AAC25ACAFE2804EA3 /* APIConnectionSettingsView.swift */ = {isa = PBXFileReference; lastKnownFileType = sourcecode.swift; path = APIConnectionSettingsView.swift; sourceTree = "<group>"; };
		281BEBC8BDB0B78462A285DD /* ReceivingEventModels.swift */ = {isa = PBXFileReference; lastKnownFileType = sourcecode.swift; path = ReceivingEventModels.swift; sourceTree = "<group>"; };
		32AE8B706344E937315DEE42 /* ReceivingEventReplayCoordinator.swift */ = {isa = PBXFileReference; lastKnownFileType = sourcecode.swift; path = ReceivingEventReplayCoordinator.swift; sourceTree = "<group>"; };
		37F688F50AFDC4D186CCBBBF /* TasksHomeView.swift */ = {isa = PBXFileReference; lastKnownFileType = sourcecode.swift; path = TasksHomeView.swift; sourceTree = "<group>"; };
		3AB148742D39441AF123D35B /* ReceivingEventReplayEngine.swift */ = {isa = PBXFileReference; lastKnownFileType = sourcecode.swift; path = ReceivingEventReplayEngine.swift; sourceTree = "<group>"; };
		45E08A4D5BF891D9ECAF945C /* InventoryHomeView.swift */ = {isa = PBXFileReference; lastKnownFileType = sourcecode.swift; path = InventoryHomeView.swift; sourceTree = "<group>"; };
		46EC1D45ABBB4B332FCB9EB9 /* DeviceConfiguration.swift */ = {isa = PBXFileReference; lastKnownFileType = sourcecode.swift; path = DeviceConfiguration.swift; sourceTree = "<group>"; };
		47DF4322C998E2DDA15FF177 /* InboundAPIMapping.swift */ = {isa = PBXFileReference; lastKnownFileType = sourcecode.swift; path = InboundAPIMapping.swift; sourceTree = "<group>"; };
		4B0C761EC07D529368685D10 /* DockWalkFoundationTests.swift */ = {isa = PBXFileReference; lastKnownFileType = sourcecode.swift; path = DockWalkFoundationTests.swift; sourceTree = "<group>"; };
		4B782D5EF4D98C01F04189DE /* APIClient.swift */ = {isa = PBXFileReference; lastKnownFileType = sourcecode.swift; path = APIClient.swift; sourceTree = "<group>"; };
		4FC6C7CCE993538213FF044D /* StatusChip.swift */ = {isa = PBXFileReference; lastKnownFileType = sourcecode.swift; path = StatusChip.swift; sourceTree = "<group>"; };
		586D4D1AE3B59B6AB13CA45F /* DockWalkTheme.swift */ = {isa = PBXFileReference; lastKnownFileType = sourcecode.swift; path = DockWalkTheme.swift; sourceTree = "<group>"; };
		65B0D6FC114C221591F6DE4F /* AppointmentsView.swift */ = {isa = PBXFileReference; lastKnownFileType = sourcecode.swift; path = AppointmentsView.swift; sourceTree = "<group>"; };
		6CE8CBC58F1CE03FB3DDDEFE /* LoadStateView.swift */ = {isa = PBXFileReference; lastKnownFileType = sourcecode.swift; path = LoadStateView.swift; sourceTree = "<group>"; };
		6F46A38157C5CA497E2122A5 /* AppointmentsViewModel.swift */ = {isa = PBXFileReference; lastKnownFileType = sourcecode.swift; path = AppointmentsViewModel.swift; sourceTree = "<group>"; };
		708BF8E60C9C166452BCDFA8 /* ShipmentDetailView.swift */ = {isa = PBXFileReference; lastKnownFileType = sourcecode.swift; path = ShipmentDetailView.swift; sourceTree = "<group>"; };
		76E23B57D58AD0E4F88B0A59 /* InboundLineRowView.swift */ = {isa = PBXFileReference; lastKnownFileType = sourcecode.swift; path = InboundLineRowView.swift; sourceTree = "<group>"; };
		782030745B983A18F3FF47F5 /* DockWalkTests.xctest */ = {isa = PBXFileReference; includeInIndex = 0; lastKnownFileType = wrapper.cfbundle; path = DockWalkTests.xctest; sourceTree = BUILT_PRODUCTS_DIR; };
		7A978CBA08DF8B85851D865B /* AppEnvironment.swift */ = {isa = PBXFileReference; lastKnownFileType = sourcecode.swift; path = AppEnvironment.swift; sourceTree = "<group>"; };
		7D5C08D0A23B801E54197778 /* FeatureFlags.swift */ = {isa = PBXFileReference; lastKnownFileType = sourcecode.swift; path = FeatureFlags.swift; sourceTree = "<group>"; };
		83F6D71C779925A575BDE126 /* DeviceConfigurationStore.swift */ = {isa = PBXFileReference; lastKnownFileType = sourcecode.swift; path = DeviceConfigurationStore.swift; sourceTree = "<group>"; };
		86CDC4C1E70C8852D4C2171E /* ScannerPlaceholderView.swift */ = {isa = PBXFileReference; lastKnownFileType = sourcecode.swift; path = ScannerPlaceholderView.swift; sourceTree = "<group>"; };
		8F9825520847293A864FC4C9 /* DockWalkApp.swift */ = {isa = PBXFileReference; lastKnownFileType = sourcecode.swift; path = DockWalkApp.swift; sourceTree = "<group>"; };
		954E5D3B5DFA985D13CB5C57 /* SyncStatus.swift */ = {isa = PBXFileReference; lastKnownFileType = sourcecode.swift; path = SyncStatus.swift; sourceTree = "<group>"; };
		998160017C10910EC61C80A1 /* ShippingHomeView.swift */ = {isa = PBXFileReference; lastKnownFileType = sourcecode.swift; path = ShippingHomeView.swift; sourceTree = "<group>"; };
		99D635A37EFE7B7FEBDA838B /* InventoryViewModel.swift */ = {isa = PBXFileReference; lastKnownFileType = sourcecode.swift; path = InventoryViewModel.swift; sourceTree = "<group>"; };
		9C6F14CED858882E5331EA31 /* ReceivingViewModel.swift */ = {isa = PBXFileReference; lastKnownFileType = sourcecode.swift; path = ReceivingViewModel.swift; sourceTree = "<group>"; };
		9CFED203BDD4851E4D6C25BE /* SectionCard.swift */ = {isa = PBXFileReference; lastKnownFileType = sourcecode.swift; path = SectionCard.swift; sourceTree = "<group>"; };
		ACC3427C53C00D23834F49FC /* ActivityView.swift */ = {isa = PBXFileReference; lastKnownFileType = sourcecode.swift; path = ActivityView.swift; sourceTree = "<group>"; };
		B04A2CB30C4175FB8AE21139 /* TodayView.swift */ = {isa = PBXFileReference; lastKnownFileType = sourcecode.swift; path = TodayView.swift; sourceTree = "<group>"; };
		B064FBBBC798F261B1320467 /* ScanResult.swift */ = {isa = PBXFileReference; lastKnownFileType = sourcecode.swift; path = ScanResult.swift; sourceTree = "<group>"; };
		B6E8477044F5641368A3205B /* DebugPanelView.swift */ = {isa = PBXFileReference; lastKnownFileType = sourcecode.swift; path = DebugPanelView.swift; sourceTree = "<group>"; };
		BFCC73E56CB9BCDFAEBF5481 /* ShipmentDetailViewModel.swift */ = {isa = PBXFileReference; lastKnownFileType = sourcecode.swift; path = ShipmentDetailViewModel.swift; sourceTree = "<group>"; };
		C6BD6174FDF1330B85CFAE17 /* OutboundViewModel.swift */ = {isa = PBXFileReference; lastKnownFileType = sourcecode.swift; path = OutboundViewModel.swift; sourceTree = "<group>"; };
		C8949CF18E5F2AF6518FA12B /* DockWalk.app */ = {isa = PBXFileReference; includeInIndex = 0; lastKnownFileType = wrapper.application; path = DockWalk.app; sourceTree = BUILT_PRODUCTS_DIR; };
		CA75C5EC1E5EF2D4B3045CBC /* SyncPreferencesStore.swift */ = {isa = PBXFileReference; lastKnownFileType = sourcecode.swift; path = SyncPreferencesStore.swift; sourceTree = "<group>"; };
		CE3C78FB5F7638E84C64F36F /* APIEndpoint.swift */ = {isa = PBXFileReference; lastKnownFileType = sourcecode.swift; path = APIEndpoint.swift; sourceTree = "<group>"; };
		D1D58A15DC729A16961EEABA /* InventoryModels.swift */ = {isa = PBXFileReference; lastKnownFileType = sourcecode.swift; path = InventoryModels.swift; sourceTree = "<group>"; };
		D512E2135DA76E6D631C2188 /* InboundModels.swift */ = {isa = PBXFileReference; lastKnownFileType = sourcecode.swift; path = InboundModels.swift; sourceTree = "<group>"; };
		EA7D11F1805588CFF8E1CA17 /* AuditEventModels.swift */ = {isa = PBXFileReference; lastKnownFileType = sourcecode.swift; path = AuditEventModels.swift; sourceTree = "<group>"; };
		EAEEAA7D36A3B4923A45D2FB /* MainTabView.swift */ = {isa = PBXFileReference; lastKnownFileType = sourcecode.swift; path = MainTabView.swift; sourceTree = "<group>"; };
		EF38FA4B54C294D6EA9BC63A /* InspectionStubView.swift */ = {isa = PBXFileReference; lastKnownFileType = sourcecode.swift; path = InspectionStubView.swift; sourceTree = "<group>"; };
		F39C4B1F3E1EE296F8007931 /* ExceptionsHomeView.swift */ = {isa = PBXFileReference; lastKnownFileType = sourcecode.swift; path = ExceptionsHomeView.swift; sourceTree = "<group>"; };
		F41079A1C0A5A00229E859F7 /* ReceivingView.swift */ = {isa = PBXFileReference; lastKnownFileType = sourcecode.swift; path = ReceivingView.swift; sourceTree = "<group>"; };
		F74EDB16DA0846024C4930E5 /* SyncQueuePersistence.swift */ = {isa = PBXFileReference; lastKnownFileType = sourcecode.swift; path = SyncQueuePersistence.swift; sourceTree = "<group>"; };

		5A1E2F3B4C5D6E7F8091A2B3 /* SyncBatchModels.swift */ = {isa = PBXFileReference; lastKnownFileType = sourcecode.swift; path = SyncBatchModels.swift; sourceTree = "<group>"; };
		7C3D4E5F6071829304A5B6C7 /* WarehouseTaskModels.swift */ = {isa = PBXFileReference; lastKnownFileType = sourcecode.swift; path = WarehouseTaskModels.swift; sourceTree = "<group>"; };
		9E5F6071829304A5B6C7D8E9 /* SyncBatchReplayEngine.swift */ = {isa = PBXFileReference; lastKnownFileType = sourcecode.swift; path = SyncBatchReplayEngine.swift; sourceTree = "<group>"; };
		B071829304A5B6C7D8E9F001 /* PutawayTasksViewModel.swift */ = {isa = PBXFileReference; lastKnownFileType = sourcecode.swift; path = PutawayTasksViewModel.swift; sourceTree = "<group>"; };
		C1829304A5B6C7D8E9F00111 /* PutawayTasksView.swift */ = {isa = PBXFileReference; lastKnownFileType = sourcecode.swift; path = PutawayTasksView.swift; sourceTree = "<group>"; };
		D29304A5B6C7D8E9F0011222 /* PutawayTaskDetailViewModel.swift */ = {isa = PBXFileReference; lastKnownFileType = sourcecode.swift; path = PutawayTaskDetailViewModel.swift; sourceTree = "<group>"; };
		F880B64A0FC1079D74ED7640 /* PrimaryActionButton.swift */ = {isa = PBXFileReference; lastKnownFileType = sourcecode.swift; path = PrimaryActionButton.swift; sourceTree = "<group>"; };
/* End PBXFileReference section */

/* Begin PBXGroup section */
		022FC8CC65A7DCD093806EF7 /* Tasks */ = {
			isa = PBXGroup;
			children = (
				37F688F50AFDC4D186CCBBBF /* TasksHomeView.swift */,
			);
			path = Tasks;
			sourceTree = "<group>";
		};
		F4B5C6D7E8F9012345678ABC /* Putaway */ = {
			isa = PBXGroup;
			children = (
				D29304A5B6C7D8E9F0011222 /* PutawayTaskDetailViewModel.swift */,
				C1829304A5B6C7D8E9F00111 /* PutawayTasksView.swift */,
				B071829304A5B6C7D8E9F001 /* PutawayTasksViewModel.swift */,
			);
			path = Putaway;
			sourceTree = "<group>";
		};
		168F38898EF14F5969CD91E5 /* DockWalk */ = {
			isa = PBXGroup;
			children = (
				928A9B1E5E92590C6F479E78 /* Activity */,
				65FB770FD4599B2E0719067D /* App */,
				F60DBA5B1F27E4A6A52D9E8C /* Core */,
				C655C93A0E0773527CCC50AB /* Debug */,
				8C5BA647BAC69AD67FA389BB /* DesignSystem */,
				24FAC85B466B9350B58C86A0 /* Exceptions */,
				A899DD9B5A7AD70340BAC85F /* Inbound */,
				E507C8C77CBA8116B02DA181 /* Inspections */,
				EE2D26B1EF3971C0EF616D8B /* Inventory */,
				91851BDB8122C81C66DDD5F3 /* Networking */,
				9B26BC6E5C2577C8A0BDFDE5 /* Outbound */,
				B5B695FEE30DAE043E9C8D77 /* Persistence */,
				99DEB5DB0B37421338CBC2DC /* Resources */,
				E274C6FE2FD0D77E542AE903 /* Scanner */,
				764BD5E90C9C3E7B1C4543E9 /* Settings */,
				022FC8CC65A7DCD093806EF7 /* Tasks */,
				F4B5C6D7E8F9012345678ABC /* Putaway */,
			);
			path = DockWalk;
			sourceTree = "<group>";
		};
		24FAC85B466B9350B58C86A0 /* Exceptions */ = {
			isa = PBXGroup;
			children = (
				F39C4B1F3E1EE296F8007931 /* ExceptionsHomeView.swift */,
			);
			path = Exceptions;
			sourceTree = "<group>";
		};
		451FB022837A37F08FFC91C7 /* DockWalkTests */ = {
			isa = PBXGroup;
			children = (
				4B0C761EC07D529368685D10 /* DockWalkFoundationTests.swift */,
			);
			path = DockWalkTests;
			sourceTree = "<group>";
		};
		544679E64394711C6AA4D940 = {
			isa = PBXGroup;
			children = (
				168F38898EF14F5969CD91E5 /* DockWalk */,
				451FB022837A37F08FFC91C7 /* DockWalkTests */,
				F747F93A91CA125121BFD4A3 /* Products */,
			);
			sourceTree = "<group>";
		};
		65FB770FD4599B2E0719067D /* App */ = {
			isa = PBXGroup;
			children = (
				8F9825520847293A864FC4C9 /* DockWalkApp.swift */,
				EAEEAA7D36A3B4923A45D2FB /* MainTabView.swift */,
				B04A2CB30C4175FB8AE21139 /* TodayView.swift */,
			);
			path = App;
			sourceTree = "<group>";
		};
		764BD5E90C9C3E7B1C4543E9 /* Settings */ = {
			isa = PBXGroup;
			children = (
				26143E5AAC25ACAFE2804EA3 /* APIConnectionSettingsView.swift */,
				106CB13D9A54E191EE509B92 /* SettingsView.swift */,
			);
			path = Settings;
			sourceTree = "<group>";
		};
		8C5BA647BAC69AD67FA389BB /* DesignSystem */ = {
			isa = PBXGroup;
			children = (
				586D4D1AE3B59B6AB13CA45F /* DockWalkTheme.swift */,
				6CE8CBC58F1CE03FB3DDDEFE /* LoadStateView.swift */,
				F880B64A0FC1079D74ED7640 /* PrimaryActionButton.swift */,
				9CFED203BDD4851E4D6C25BE /* SectionCard.swift */,
				4FC6C7CCE993538213FF044D /* StatusChip.swift */,
			);
			path = DesignSystem;
			sourceTree = "<group>";
		};
		91851BDB8122C81C66DDD5F3 /* Networking */ = {
			isa = PBXGroup;
			children = (
				4B782D5EF4D98C01F04189DE /* APIClient.swift */,
				CE3C78FB5F7638E84C64F36F /* APIEndpoint.swift */,
				1AB45F357398409F852D0A63 /* APIModels.swift */,
				EA7D11F1805588CFF8E1CA17 /* AuditEventModels.swift */,
				281BEBC8BDB0B78462A285DD /* ReceivingEventModels.swift */,
				5A1E2F3B4C5D6E7F8091A2B3 /* SyncBatchModels.swift */,
				7C3D4E5F6071829304A5B6C7 /* WarehouseTaskModels.swift */,
			);
			path = Networking;
			sourceTree = "<group>";
		};
		928A9B1E5E92590C6F479E78 /* Activity */ = {
			isa = PBXGroup;
			children = (
				ACC3427C53C00D23834F49FC /* ActivityView.swift */,
				1C1522D112D64554E55E59EC /* ActivityViewModel.swift */,
			);
			path = Activity;
			sourceTree = "<group>";
		};
		99DEB5DB0B37421338CBC2DC /* Resources */ = {
			isa = PBXGroup;
			children = (
				02D72A64EC3A25E41E5A227A /* Assets.xcassets */,
				081AE12F7D27CC5911984167 /* Info.plist */,
			);
			path = Resources;
			sourceTree = "<group>";
		};
		9B26BC6E5C2577C8A0BDFDE5 /* Outbound */ = {
			isa = PBXGroup;
			children = (
				05FCB45AEF9A88F60EB5DE2F /* OutboundModels.swift */,
				C6BD6174FDF1330B85CFAE17 /* OutboundViewModel.swift */,
				998160017C10910EC61C80A1 /* ShippingHomeView.swift */,
			);
			path = Outbound;
			sourceTree = "<group>";
		};
		A899DD9B5A7AD70340BAC85F /* Inbound */ = {
			isa = PBXGroup;
			children = (
				65B0D6FC114C221591F6DE4F /* AppointmentsView.swift */,
				6F46A38157C5CA497E2122A5 /* AppointmentsViewModel.swift */,
				47DF4322C998E2DDA15FF177 /* InboundAPIMapping.swift */,
				76E23B57D58AD0E4F88B0A59 /* InboundLineRowView.swift */,
				D512E2135DA76E6D631C2188 /* InboundModels.swift */,
				F41079A1C0A5A00229E859F7 /* ReceivingView.swift */,
				9C6F14CED858882E5331EA31 /* ReceivingViewModel.swift */,
				708BF8E60C9C166452BCDFA8 /* ShipmentDetailView.swift */,
				BFCC73E56CB9BCDFAEBF5481 /* ShipmentDetailViewModel.swift */,
			);
			path = Inbound;
			sourceTree = "<group>";
		};
		B5B695FEE30DAE043E9C8D77 /* Persistence */ = {
			isa = PBXGroup;
			children = (
				83F6D71C779925A575BDE126 /* DeviceConfigurationStore.swift */,
				0BAACA53AE5FDD000E2D76E7 /* OfflineSyncStore.swift */,
				32AE8B706344E937315DEE42 /* ReceivingEventReplayCoordinator.swift */,
				3AB148742D39441AF123D35B /* ReceivingEventReplayEngine.swift */,
				9E5F6071829304A5B6C7D8E9 /* SyncBatchReplayEngine.swift */,
				CA75C5EC1E5EF2D4B3045CBC /* SyncPreferencesStore.swift */,
				F74EDB16DA0846024C4930E5 /* SyncQueuePersistence.swift */,
				954E5D3B5DFA985D13CB5C57 /* SyncStatus.swift */,
			);
			path = Persistence;
			sourceTree = "<group>";
		};
		C655C93A0E0773527CCC50AB /* Debug */ = {
			isa = PBXGroup;
			children = (
				B6E8477044F5641368A3205B /* DebugPanelView.swift */,
			);
			path = Debug;
			sourceTree = "<group>";
		};
		E274C6FE2FD0D77E542AE903 /* Scanner */ = {
			isa = PBXGroup;
			children = (
				86CDC4C1E70C8852D4C2171E /* ScannerPlaceholderView.swift */,
				B064FBBBC798F261B1320467 /* ScanResult.swift */,
			);
			path = Scanner;
			sourceTree = "<group>";
		};
		E507C8C77CBA8116B02DA181 /* Inspections */ = {
			isa = PBXGroup;
			children = (
				EF38FA4B54C294D6EA9BC63A /* InspectionStubView.swift */,
			);
			path = Inspections;
			sourceTree = "<group>";
		};
		EE2D26B1EF3971C0EF616D8B /* Inventory */ = {
			isa = PBXGroup;
			children = (
				45E08A4D5BF891D9ECAF945C /* InventoryHomeView.swift */,
				D1D58A15DC729A16961EEABA /* InventoryModels.swift */,
				99D635A37EFE7B7FEBDA838B /* InventoryViewModel.swift */,
			);
			path = Inventory;
			sourceTree = "<group>";
		};
		F60DBA5B1F27E4A6A52D9E8C /* Core */ = {
			isa = PBXGroup;
			children = (
				7A978CBA08DF8B85851D865B /* AppEnvironment.swift */,
				46EC1D45ABBB4B332FCB9EB9 /* DeviceConfiguration.swift */,
				1033B2B383D9561E19655FFC /* DockWalkModels.swift */,
				7D5C08D0A23B801E54197778 /* FeatureFlags.swift */,
				06B44D071E70EE2F7E60C975 /* LoadPhase.swift */,
			);
			path = Core;
			sourceTree = "<group>";
		};
		F747F93A91CA125121BFD4A3 /* Products */ = {
			isa = PBXGroup;
			children = (
				C8949CF18E5F2AF6518FA12B /* DockWalk.app */,
				782030745B983A18F3FF47F5 /* DockWalkTests.xctest */,
			);
			name = Products;
			sourceTree = "<group>";
		};
/* End PBXGroup section */

/* Begin PBXNativeTarget section */
		8ECA20B8162E2452DA95EEA6 /* DockWalkTests */ = {
			isa = PBXNativeTarget;
			buildConfigurationList = 3BFF890FBE04056D6950EA5B /* Build configuration list for PBXNativeTarget "DockWalkTests" */;
			buildPhases = (
				9819C0591BE311A3B71DB18F /* Sources */,
			);
			buildRules = (
			);
			dependencies = (
				6808AAF9D8ECEFAA25AE562B /* PBXTargetDependency */,
			);
			name = DockWalkTests;
			packageProductDependencies = (
			);
			productName = DockWalkTests;
			productReference = 782030745B983A18F3FF47F5 /* DockWalkTests.xctest */;
			productType = "com.apple.product-type.bundle.unit-test";
		};
		C8AC96B5D7FAE935532FDD29 /* DockWalk */ = {
			isa = PBXNativeTarget;
			buildConfigurationList = D9AF12E6306290125829E98C /* Build configuration list for PBXNativeTarget "DockWalk" */;
			buildPhases = (
				7860D8433C167E5CEDE1FD27 /* Sources */,
				F3B290756FFF48BA64A8CD8B /* Resources */,
			);
			buildRules = (
			);
			dependencies = (
			);
			name = DockWalk;
			packageProductDependencies = (
			);
			productName = DockWalk;
			productReference = C8949CF18E5F2AF6518FA12B /* DockWalk.app */;
			productType = "com.apple.product-type.application";
		};
/* End PBXNativeTarget section */

/* Begin PBXProject section */
		117FE8490C3309BCA1702B04 /* Project object */ = {
			isa = PBXProject;
			attributes = {
				BuildIndependentTargetsInParallel = YES;
				LastUpgradeCheck = 1430;
				TargetAttributes = {
				};
			};
			buildConfigurationList = F6D515E2F3426BF79436767D /* Build configuration list for PBXProject "DockWalk" */;
			developmentRegion = en;
			hasScannedForEncodings = 0;
			knownRegions = (
				Base,
				en,
			);
			mainGroup = 544679E64394711C6AA4D940;
			minimizedProjectReferenceProxies = 1;
			preferredProjectObjectVersion = 77;
			productRefGroup = F747F93A91CA125121BFD4A3 /* Products */;
			projectDirPath = "";
			projectRoot = "";
			targets = (
				C8AC96B5D7FAE935532FDD29 /* DockWalk */,
				8ECA20B8162E2452DA95EEA6 /* DockWalkTests */,
			);
		};
/* End PBXProject section */

/* Begin PBXResourcesBuildPhase section */
		F3B290756FFF48BA64A8CD8B /* Resources */ = {
			isa = PBXResourcesBuildPhase;
			buildActionMask = 2147483647;
			files = (
				7F69F3818A8B0E8E2D25417E /* Assets.xcassets in Resources */,
			);
			runOnlyForDeploymentPostprocessing = 0;
		};
/* End PBXResourcesBuildPhase section */

/* Begin PBXSourcesBuildPhase section */
		7860D8433C167E5CEDE1FD27 /* Sources */ = {
			isa = PBXSourcesBuildPhase;
			buildActionMask = 2147483647;
			files = (
				52E5427771D1EC9359E42BB6 /* APIClient.swift in Sources */,
				C5CCD0539FD94B87C2C9F348 /* APIConnectionSettingsView.swift in Sources */,
				95B31D3181C512C6B5F6BE53 /* APIEndpoint.swift in Sources */,
				14919ED96437C5C54D7155B5 /* APIModels.swift in Sources */,
				F19B91C3117CB3390E9977C2 /* ActivityView.swift in Sources */,
				F7FF419EDF801A2359EC9609 /* ActivityViewModel.swift in Sources */,
				4E5288E0A5CD4D173EFC9F64 /* AppEnvironment.swift in Sources */,
				7E84CBC872675F0D988454F0 /* AppointmentsView.swift in Sources */,
				4B925293F9E09D749FCDC3F8 /* AppointmentsViewModel.swift in Sources */,
				DC03A918904EB4E7B75C35C0 /* AuditEventModels.swift in Sources */,
				F42AFB2BE3B91E906EC41DE8 /* DebugPanelView.swift in Sources */,
				8A85DB3459F11CF233BD6469 /* DeviceConfiguration.swift in Sources */,
				60E98D57E8259E48BD1E804E /* DeviceConfigurationStore.swift in Sources */,
				D934FFE3AD479D5B5E34BA71 /* DockWalkApp.swift in Sources */,
				C73EB6FDC22D1BE25BEC5777 /* DockWalkModels.swift in Sources */,
				2E7C3112E616383BCF384E64 /* DockWalkTheme.swift in Sources */,
				CDF0B471D12A93C26BF7EAC2 /* ExceptionsHomeView.swift in Sources */,
				C31E417E8A047DA319AF5D80 /* FeatureFlags.swift in Sources */,
				FC946718B654F08B7A27D996 /* InboundAPIMapping.swift in Sources */,
				A199E254249F362F47C3F03D /* InboundLineRowView.swift in Sources */,
				C002F18121A3EEA09B9F8073 /* InboundModels.swift in Sources */,
				D571070FE57A1BD038E38654 /* InspectionStubView.swift in Sources */,
				991EEA386E0A466F0F41EF5B /* InventoryHomeView.swift in Sources */,
				4A477263CAD9717F561A80CC /* InventoryModels.swift in Sources */,
				0B71977ACA8200BEC35C454D /* InventoryViewModel.swift in Sources */,
				697307A48E8324B72E2795BD /* LoadPhase.swift in Sources */,
				4D925248B5861DE070F2F3D8 /* LoadStateView.swift in Sources */,
				2255B9B737E4B13A198D0B47 /* MainTabView.swift in Sources */,
				BF7190C317CF39D0CD34903C /* OfflineSyncStore.swift in Sources */,
				E6D5FDD597F05971983C4AD7 /* OutboundModels.swift in Sources */,
				709FEFB4FB6C2EF3883EB2C0 /* OutboundViewModel.swift in Sources */,
				A34B01C7107D6BB29EE18384 /* PrimaryActionButton.swift in Sources */,
				EFED66CFBE326B8E88B0E101 /* ReceivingEventModels.swift in Sources */,
				A9C31FFD638244A10731BF1C /* ReceivingEventReplayCoordinator.swift in Sources */,
				A3D17E896A53ADBD7A6546DE /* ReceivingEventReplayEngine.swift in Sources */,
				0526E4FF7E5DC878A9367F84 /* ReceivingView.swift in Sources */,
				6E9432E5A56A2F4E15761641 /* ReceivingViewModel.swift in Sources */,
				3549771E1A49D06324D560D4 /* ScanResult.swift in Sources */,
				0A003A8CA0C7A5B3967E586E /* ScannerPlaceholderView.swift in Sources */,
				42F8C15BEA548A45A95AE82D /* SectionCard.swift in Sources */,
				242BBC24606D08440C837235 /* SettingsView.swift in Sources */,
				F10B4730F25A2DBECFBF5D42 /* ShipmentDetailView.swift in Sources */,
				BA3E8D0133EAE183E91B72D5 /* ShipmentDetailViewModel.swift in Sources */,
				00DD420F479FE9D46F871469 /* ShippingHomeView.swift in Sources */,
				78CED7C1E16F0EBD98B9FD36 /* StatusChip.swift in Sources */,
				1FC805905D4411F44BE8C4F7 /* SyncPreferencesStore.swift in Sources */,
				FD555837136CD26F6C70AF81 /* SyncQueuePersistence.swift in Sources */,
				4E47A863500A2982A263522E /* SyncStatus.swift in Sources */,
				8D21C1DD6F0D54D4785BBC4D /* TasksHomeView.swift in Sources */,

				6B2F3C4D5E6F7081920A3B4C /* SyncBatchModels.swift in Sources */,
				8D4E5F6071829304A5B6C7D8 /* WarehouseTaskModels.swift in Sources */,
				AF6071829304A5B6C7D8E9F0 /* SyncBatchReplayEngine.swift in Sources */,
				C1829304A5B6C7D8E9F00112 /* PutawayTasksViewModel.swift in Sources */,
				D29304A5B6C7D8E9F0011223 /* PutawayTasksView.swift in Sources */,
				E3A405B6C7D8E9F001122334 /* PutawayTaskDetailViewModel.swift in Sources */,
				B62BB5725DA386A949C19199 /* TodayView.swift in Sources */,
			);
			runOnlyForDeploymentPostprocessing = 0;
		};
		9819C0591BE311A3B71DB18F /* Sources */ = {
			isa = PBXSourcesBuildPhase;
			buildActionMask = 2147483647;
			files = (
				306D712854E5D0902B6758C7 /* DockWalkFoundationTests.swift in Sources */,
			);
			runOnlyForDeploymentPostprocessing = 0;
		};
/* End PBXSourcesBuildPhase section */

/* Begin PBXTargetDependency section */
		6808AAF9D8ECEFAA25AE562B /* PBXTargetDependency */ = {
			isa = PBXTargetDependency;
			target = C8AC96B5D7FAE935532FDD29 /* DockWalk */;
			targetProxy = 9CCFD3BF11B5D3F371470BD3 /* PBXContainerItemProxy */;
		};
/* End PBXTargetDependency section */

/* Begin XCBuildConfiguration section */
		08FE5F315067F465C682AAA0 /* Debug */ = {
			isa = XCBuildConfiguration;
			buildSettings = {
				ALWAYS_SEARCH_USER_PATHS = NO;
				CLANG_ANALYZER_NONNULL = YES;
				CLANG_ANALYZER_NUMBER_OBJECT_CONVERSION = YES_AGGRESSIVE;
				CLANG_CXX_LANGUAGE_STANDARD = "gnu++14";
				CLANG_CXX_LIBRARY = "libc++";
				CLANG_ENABLE_MODULES = YES;
				CLANG_ENABLE_OBJC_ARC = YES;
				CLANG_ENABLE_OBJC_WEAK = YES;
				CLANG_WARN_BLOCK_CAPTURE_AUTORELEASING = YES;
				CLANG_WARN_BOOL_CONVERSION = YES;
				CLANG_WARN_COMMA = YES;
				CLANG_WARN_CONSTANT_CONVERSION = YES;
				CLANG_WARN_DEPRECATED_OBJC_IMPLEMENTATIONS = YES;
				CLANG_WARN_DIRECT_OBJC_ISA_USAGE = YES_ERROR;
				CLANG_WARN_DOCUMENTATION_COMMENTS = YES;
				CLANG_WARN_EMPTY_BODY = YES;
				CLANG_WARN_ENUM_CONVERSION = YES;
				CLANG_WARN_INFINITE_RECURSION = YES;
				CLANG_WARN_INT_CONVERSION = YES;
				CLANG_WARN_NON_LITERAL_NULL_CONVERSION = YES;
				CLANG_WARN_OBJC_IMPLICIT_RETAIN_SELF = YES;
				CLANG_WARN_OBJC_LITERAL_CONVERSION = YES;
				CLANG_WARN_OBJC_ROOT_CLASS = YES_ERROR;
				CLANG_WARN_QUOTED_INCLUDE_IN_FRAMEWORK_HEADER = YES;
				CLANG_WARN_RANGE_LOOP_ANALYSIS = YES;
				CLANG_WARN_STRICT_PROTOTYPES = YES;
				CLANG_WARN_SUSPICIOUS_MOVE = YES;
				CLANG_WARN_UNGUARDED_AVAILABILITY = YES_AGGRESSIVE;
				CLANG_WARN_UNREACHABLE_CODE = YES;
				CLANG_WARN__DUPLICATE_METHOD_MATCH = YES;
				COPY_PHASE_STRIP = NO;
				DEBUG_INFORMATION_FORMAT = dwarf;
				ENABLE_STRICT_OBJC_MSGSEND = YES;
				ENABLE_TESTABILITY = YES;
				GCC_C_LANGUAGE_STANDARD = gnu11;
				GCC_DYNAMIC_NO_PIC = NO;
				GCC_NO_COMMON_BLOCKS = YES;
				GCC_OPTIMIZATION_LEVEL = 0;
				GCC_PREPROCESSOR_DEFINITIONS = (
					"$(inherited)",
					"DEBUG=1",
				);
				GCC_WARN_64_TO_32_BIT_CONVERSION = YES;
				GCC_WARN_ABOUT_RETURN_TYPE = YES_ERROR;
				GCC_WARN_UNDECLARED_SELECTOR = YES;
				GCC_WARN_UNINITIALIZED_AUTOS = YES_AGGRESSIVE;
				GCC_WARN_UNUSED_FUNCTION = YES;
				GCC_WARN_UNUSED_VARIABLE = YES;
				IPHONEOS_DEPLOYMENT_TARGET = 17.0;
				MTL_ENABLE_DEBUG_INFO = INCLUDE_SOURCE;
				MTL_FAST_MATH = YES;
				ONLY_ACTIVE_ARCH = YES;
				PRODUCT_NAME = "$(TARGET_NAME)";
				SDKROOT = iphoneos;
				SWIFT_ACTIVE_COMPILATION_CONDITIONS = DEBUG;
				SWIFT_OPTIMIZATION_LEVEL = "-Onone";
				SWIFT_VERSION = 5.0;
				TARGETED_DEVICE_FAMILY = "1,2";
			};
			name = Debug;
		};
		172D5AD70159ECDEDF3F24D5 /* Debug */ = {
			isa = XCBuildConfiguration;
			buildSettings = {
				BUNDLE_LOADER = "$(TEST_HOST)";
				GENERATE_INFOPLIST_FILE = YES;
				LD_RUNPATH_SEARCH_PATHS = (
					"$(inherited)",
					"@executable_path/Frameworks",
					"@loader_path/Frameworks",
				);
				PRODUCT_BUNDLE_IDENTIFIER = io.skyprairie.dockwalk.tests;
				SDKROOT = iphoneos;
				TARGETED_DEVICE_FAMILY = "1,2";
				TEST_HOST = "$(BUILT_PRODUCTS_DIR)/DockWalk.app/$(BUNDLE_EXECUTABLE_FOLDER_PATH)/DockWalk";
			};
			name = Debug;
		};
		1FC0EDD5AC509F3CA075B83B /* Release */ = {
			isa = XCBuildConfiguration;
			buildSettings = {
				ALWAYS_SEARCH_USER_PATHS = NO;
				CLANG_ANALYZER_NONNULL = YES;
				CLANG_ANALYZER_NUMBER_OBJECT_CONVERSION = YES_AGGRESSIVE;
				CLANG_CXX_LANGUAGE_STANDARD = "gnu++14";
				CLANG_CXX_LIBRARY = "libc++";
				CLANG_ENABLE_MODULES = YES;
				CLANG_ENABLE_OBJC_ARC = YES;
				CLANG_ENABLE_OBJC_WEAK = YES;
				CLANG_WARN_BLOCK_CAPTURE_AUTORELEASING = YES;
				CLANG_WARN_BOOL_CONVERSION = YES;
				CLANG_WARN_COMMA = YES;
				CLANG_WARN_CONSTANT_CONVERSION = YES;
				CLANG_WARN_DEPRECATED_OBJC_IMPLEMENTATIONS = YES;
				CLANG_WARN_DIRECT_OBJC_ISA_USAGE = YES_ERROR;
				CLANG_WARN_DOCUMENTATION_COMMENTS = YES;
				CLANG_WARN_EMPTY_BODY = YES;
				CLANG_WARN_ENUM_CONVERSION = YES;
				CLANG_WARN_INFINITE_RECURSION = YES;
				CLANG_WARN_INT_CONVERSION = YES;
				CLANG_WARN_NON_LITERAL_NULL_CONVERSION = YES;
				CLANG_WARN_OBJC_IMPLICIT_RETAIN_SELF = YES;
				CLANG_WARN_OBJC_LITERAL_CONVERSION = YES;
				CLANG_WARN_OBJC_ROOT_CLASS = YES_ERROR;
				CLANG_WARN_QUOTED_INCLUDE_IN_FRAMEWORK_HEADER = YES;
				CLANG_WARN_RANGE_LOOP_ANALYSIS = YES;
				CLANG_WARN_STRICT_PROTOTYPES = YES;
				CLANG_WARN_SUSPICIOUS_MOVE = YES;
				CLANG_WARN_UNGUARDED_AVAILABILITY = YES_AGGRESSIVE;
				CLANG_WARN_UNREACHABLE_CODE = YES;
				CLANG_WARN__DUPLICATE_METHOD_MATCH = YES;
				COPY_PHASE_STRIP = NO;
				DEBUG_INFORMATION_FORMAT = "dwarf-with-dsym";
				ENABLE_NS_ASSERTIONS = NO;
				ENABLE_STRICT_OBJC_MSGSEND = YES;
				GCC_C_LANGUAGE_STANDARD = gnu11;
				GCC_NO_COMMON_BLOCKS = YES;
				GCC_WARN_64_TO_32_BIT_CONVERSION = YES;
				GCC_WARN_ABOUT_RETURN_TYPE = YES_ERROR;
				GCC_WARN_UNDECLARED_SELECTOR = YES;
				GCC_WARN_UNINITIALIZED_AUTOS = YES_AGGRESSIVE;
				GCC_WARN_UNUSED_FUNCTION = YES;
				GCC_WARN_UNUSED_VARIABLE = YES;
				IPHONEOS_DEPLOYMENT_TARGET = 17.0;
				MTL_ENABLE_DEBUG_INFO = NO;
				MTL_FAST_MATH = YES;
				PRODUCT_NAME = "$(TARGET_NAME)";
				SDKROOT = iphoneos;
				SWIFT_COMPILATION_MODE = wholemodule;
				SWIFT_OPTIMIZATION_LEVEL = "-O";
				SWIFT_VERSION = 5.0;
				TARGETED_DEVICE_FAMILY = "1,2";
			};
			name = Release;
		};
		2FB489E991B6D75F92CD74C5 /* Release */ = {
			isa = XCBuildConfiguration;
			buildSettings = {
				ASSETCATALOG_COMPILER_APPICON_NAME = AppIcon;
				CODE_SIGN_IDENTITY = "iPhone Developer";
				CURRENT_PROJECT_VERSION = 1;
				GENERATE_INFOPLIST_FILE = NO;
				INFOPLIST_FILE = DockWalk/Resources/Info.plist;
				LD_RUNPATH_SEARCH_PATHS = (
					"$(inherited)",
					"@executable_path/Frameworks",
				);
				MARKETING_VERSION = 0.1.0;
				PRODUCT_BUNDLE_IDENTIFIER = io.skyprairie.dockwalk;
				SDKROOT = iphoneos;
				TARGETED_DEVICE_FAMILY = "1,2";
			};
			name = Release;
		};
		6971180612CA1245002A6485 /* Release */ = {
			isa = XCBuildConfiguration;
			buildSettings = {
				BUNDLE_LOADER = "$(TEST_HOST)";
				GENERATE_INFOPLIST_FILE = YES;
				LD_RUNPATH_SEARCH_PATHS = (
					"$(inherited)",
					"@executable_path/Frameworks",
					"@loader_path/Frameworks",
				);
				PRODUCT_BUNDLE_IDENTIFIER = io.skyprairie.dockwalk.tests;
				SDKROOT = iphoneos;
				TARGETED_DEVICE_FAMILY = "1,2";
				TEST_HOST = "$(BUILT_PRODUCTS_DIR)/DockWalk.app/$(BUNDLE_EXECUTABLE_FOLDER_PATH)/DockWalk";
			};
			name = Release;
		};
		E12448A8723CE81E8F043038 /* Debug */ = {
			isa = XCBuildConfiguration;
			buildSettings = {
				ASSETCATALOG_COMPILER_APPICON_NAME = AppIcon;
				CODE_SIGN_IDENTITY = "iPhone Developer";
				CURRENT_PROJECT_VERSION = 1;
				GENERATE_INFOPLIST_FILE = NO;
				INFOPLIST_FILE = DockWalk/Resources/Info.plist;
				LD_RUNPATH_SEARCH_PATHS = (
					"$(inherited)",
					"@executable_path/Frameworks",
				);
				MARKETING_VERSION = 0.1.0;
				PRODUCT_BUNDLE_IDENTIFIER = io.skyprairie.dockwalk;
				SDKROOT = iphoneos;
				TARGETED_DEVICE_FAMILY = "1,2";
			};
			name = Debug;
		};
/* End XCBuildConfiguration section */

/* Begin XCConfigurationList section */
		3BFF890FBE04056D6950EA5B /* Build configuration list for PBXNativeTarget "DockWalkTests" */ = {
			isa = XCConfigurationList;
			buildConfigurations = (
				172D5AD70159ECDEDF3F24D5 /* Debug */,
				6971180612CA1245002A6485 /* Release */,
			);
			defaultConfigurationIsVisible = 0;
			defaultConfigurationName = Debug;
		};
		D9AF12E6306290125829E98C /* Build configuration list for PBXNativeTarget "DockWalk" */ = {
			isa = XCConfigurationList;
			buildConfigurations = (
				E12448A8723CE81E8F043038 /* Debug */,
				2FB489E991B6D75F92CD74C5 /* Release */,
			);
			defaultConfigurationIsVisible = 0;
			defaultConfigurationName = Debug;
		};
		F6D515E2F3426BF79436767D /* Build configuration list for PBXProject "DockWalk" */ = {
			isa = XCConfigurationList;
			buildConfigurations = (
				08FE5F315067F465C682AAA0 /* Debug */,
				1FC0EDD5AC509F3CA075B83B /* Release */,
			);
			defaultConfigurationIsVisible = 0;
			defaultConfigurationName = Debug;
		};
/* End XCConfigurationList section */
	};
	rootObject = 117FE8490C3309BCA1702B04 /* Project object */;
}
